
Microsoft Visual Studio Solution File, Format Version 12.00
# Visual Studio 15
VisualStudioVersion = 15.0.26228.12
MinimumVisualStudioVersion = 10.0.40219.1
Project("{2150E333-8FDC-42A3-9474-1A3956D46DE8}") = "Application", "Application", "{3FCBB502-F0B5-4026-9035-938CAF7E273A}"
EndProject
Project("{2150E333-8FDC-42A3-9474-1A3956D46DE8}") = "Domain", "Domain", "{808E3CD4-439A-43C2-9792-9271BCF93664}"
EndProject
Project("{2150E333-8FDC-42A3-9474-1A3956D46DE8}") = "Infrastructure", "Infrastructure", "{AA587161-FA66-4440-9BDB-554AFA7CCA7C}"
EndProject
Project("{2150E333-8FDC-42A3-9474-1A3956D46DE8}") = "Utils", "Utils", "{0C4A39AB-EB57-478B-BDB8-8495BBFFF56E}"
EndProject
Project("{FAE04EC0-301F-11D3-BF4B-00C04F79EFBC}") = "WepApiUi", "WepApiUi\WepApiUi.csproj", "{610BFC48-4114-47BE-9FCF-953B3ACE0E0B}"
EndProject
Project("{FAE04EC0-301F-11D3-BF4B-00C04F79EFBC}") = "Domain", "Domain\Domain.csproj", "{CE89FFE3-995D-4247-8306-262A1BFC0F01}"
EndProject
Project("{FAE04EC0-301F-11D3-BF4B-00C04F79EFBC}") = "Repository", "Repository\Repository.csproj", "{B11DA8B4-91EB-412E-B5DA-8C112FAECFF6}"
EndProject
Project("{FAE04EC0-301F-11D3-BF4B-00C04F79EFBC}") = "Service", "Service\Service.csproj", "{24B4762C-C0FE-4276-BC63-63AD81B9A377}"
EndProject
Project("{E24C65DC-7377-472B-9ABA-BC803B73C61A}") = "Admin.Ui", "Admin.Ui\", "{F537B785-3067-4187-AF40-73D410F47432}"
	ProjectSection(WebsiteProperties) = preProject
		TargetFrameworkMoniker = ".NETFramework,Version%3Dv4.5.2"
		Debug.AspNetCompiler.VirtualPath = "/localhost_59429"
		Debug.AspNetCompiler.PhysicalPath = "Admin.Ui\"
		Debug.AspNetCompiler.TargetPath = "PrecompiledWeb\localhost_59429\"
		Debug.AspNetCompiler.Updateable = "true"
		Debug.AspNetCompiler.ForceOverwrite = "true"
		Debug.AspNetCompiler.FixedNames = "false"
		Debug.AspNetCompiler.Debug = "True"
		Release.AspNetCompiler.VirtualPath = "/localhost_59429"
		Release.AspNetCompiler.PhysicalPath = "Admin.Ui\"
		Release.AspNetCompiler.TargetPath = "PrecompiledWeb\localhost_59429\"
		Release.AspNetCompiler.Updateable = "true"
		Release.AspNetCompiler.ForceOverwrite = "true"
		Release.AspNetCompiler.FixedNames = "false"
		Release.AspNetCompiler.Debug = "False"
		VWDPort = "59429"
		SlnRelativePath = "Admin.Ui\"
		DefaultWebSiteLanguage = "Visual C#"
	EndProjectSection
EndProject
Project("{2150E333-8FDC-42A3-9474-1A3956D46DE8}") = "Presentation", "Presentation", "{7E53B1F3-D74A-4E2A-877F-F1A2CA2D5B4F}"
EndProject
Project("{FAE04EC0-301F-11D3-BF4B-00C04F79EFBC}") = "Util", "Util\Util.csproj", "{DA723F10-8D19-4EA3-B3B0-E6E166EE68C7}"
EndProject
Project("{E24C65DC-7377-472B-9ABA-BC803B73C61A}") = "Web.Ui", "Web.Ui\", "{54954BA4-6280-4D62-A9D0-03FEF957F432}"
	ProjectSection(WebsiteProperties) = preProject
		TargetFrameworkMoniker = ".NETFramework,Version%3Dv4.5.2"
		Debug.AspNetCompiler.VirtualPath = "/localhost_51001"
		Debug.AspNetCompiler.PhysicalPath = "Web.Ui\"
		Debug.AspNetCompiler.TargetPath = "PrecompiledWeb\localhost_51001\"
		Debug.AspNetCompiler.Updateable = "true"
		Debug.AspNetCompiler.ForceOverwrite = "true"
		Debug.AspNetCompiler.FixedNames = "false"
		Debug.AspNetCompiler.Debug = "True"
		Release.AspNetCompiler.VirtualPath = "/localhost_51001"
		Release.AspNetCompiler.PhysicalPath = "Web.Ui\"
		Release.AspNetCompiler.TargetPath = "PrecompiledWeb\localhost_51001\"
		Release.AspNetCompiler.Updateable = "true"
		Release.AspNetCompiler.ForceOverwrite = "true"
		Release.AspNetCompiler.FixedNames = "false"
		Release.AspNetCompiler.Debug = "False"
		VWDPort = "51001"
		SlnRelativePath = "Web.Ui\"
	EndProjectSection
EndProject
Global
	GlobalSection(SolutionConfigurationPlatforms) = preSolution
		Debug|Any CPU = Debug|Any CPU
		Release|Any CPU = Release|Any CPU
	EndGlobalSection
	GlobalSection(ProjectConfigurationPlatforms) = postSolution
		{610BFC48-4114-47BE-9FCF-953B3ACE0E0B}.Debug|Any CPU.ActiveCfg = Debug|Any CPU
		{610BFC48-4114-47BE-9FCF-953B3ACE0E0B}.Debug|Any CPU.Build.0 = Debug|Any CPU
		{610BFC48-4114-47BE-9FCF-953B3ACE0E0B}.Release|Any CPU.ActiveCfg = Release|Any CPU
		{610BFC48-4114-47BE-9FCF-953B3ACE0E0B}.Release|Any CPU.Build.0 = Release|Any CPU
		{CE89FFE3-995D-4247-8306-262A1BFC0F01}.Debug|Any CPU.ActiveCfg = Debug|Any CPU
		{CE89FFE3-995D-4247-8306-262A1BFC0F01}.Debug|Any CPU.Build.0 = Debug|Any CPU
		{CE89FFE3-995D-4247-8306-262A1BFC0F01}.Release|Any CPU.ActiveCfg = Release|Any CPU
		{CE89FFE3-995D-4247-8306-262A1BFC0F01}.Release|Any CPU.Build.0 = Release|Any CPU
		{B11DA8B4-91EB-412E-B5DA-8C112FAECFF6}.Debug|Any CPU.ActiveCfg = Debug|Any CPU
		{B11DA8B4-91EB-412E-B5DA-8C112FAECFF6}.Debug|Any CPU.Build.0 = Debug|Any CPU
		{B11DA8B4-91EB-412E-B5DA-8C112FAECFF6}.Release|Any CPU.ActiveCfg = Release|Any CPU
		{B11DA8B4-91EB-412E-B5DA-8C112FAECFF6}.Release|Any CPU.Build.0 = Release|Any CPU
		{24B4762C-C0FE-4276-BC63-63AD81B9A377}.Debug|Any CPU.ActiveCfg = Debug|Any CPU
		{24B4762C-C0FE-4276-BC63-63AD81B9A377}.Debug|Any CPU.Build.0 = Debug|Any CPU
		{24B4762C-C0FE-4276-BC63-63AD81B9A377}.Release|Any CPU.ActiveCfg = Release|Any CPU
		{24B4762C-C0FE-4276-BC63-63AD81B9A377}.Release|Any CPU.Build.0 = Release|Any CPU
		{F537B785-3067-4187-AF40-73D410F47432}.Debug|Any CPU.ActiveCfg = Debug|Any CPU
		{F537B785-3067-4187-AF40-73D410F47432}.Debug|Any CPU.Build.0 = Debug|Any CPU
		{F537B785-3067-4187-AF40-73D410F47432}.Release|Any CPU.ActiveCfg = Debug|Any CPU
		{F537B785-3067-4187-AF40-73D410F47432}.Release|Any CPU.Build.0 = Debug|Any CPU
		{DA723F10-8D19-4EA3-B3B0-E6E166EE68C7}.Debug|Any CPU.ActiveCfg = Debug|Any CPU
		{DA723F10-8D19-4EA3-B3B0-E6E166EE68C7}.Debug|Any CPU.Build.0 = Debug|Any CPU
		{DA723F10-8D19-4EA3-B3B0-E6E166EE68C7}.Release|Any CPU.ActiveCfg = Release|Any CPU
		{DA723F10-8D19-4EA3-B3B0-E6E166EE68C7}.Release|Any CPU.Build.0 = Release|Any CPU
		{54954BA4-6280-4D62-A9D0-03FEF957F432}.Debug|Any CPU.ActiveCfg = Debug|Any CPU
		{54954BA4-6280-4D62-A9D0-03FEF957F432}.Debug|Any CPU.Build.0 = Debug|Any CPU
		{54954BA4-6280-4D62-A9D0-03FEF957F432}.Release|Any CPU.ActiveCfg = Debug|Any CPU
		{54954BA4-6280-4D62-A9D0-03FEF957F432}.Release|Any CPU.Build.0 = Debug|Any CPU
	EndGlobalSection
	GlobalSection(SolutionProperties) = preSolution
		HideSolutionNode = FALSE
	EndGlobalSection
	GlobalSection(NestedProjects) = preSolution
		{610BFC48-4114-47BE-9FCF-953B3ACE0E0B} = {3FCBB502-F0B5-4026-9035-938CAF7E273A}
		{CE89FFE3-995D-4247-8306-262A1BFC0F01} = {808E3CD4-439A-43C2-9792-9271BCF93664}
		{B11DA8B4-91EB-412E-B5DA-8C112FAECFF6} = {AA587161-FA66-4440-9BDB-554AFA7CCA7C}
		{24B4762C-C0FE-4276-BC63-63AD81B9A377} = {808E3CD4-439A-43C2-9792-9271BCF93664}
		{F537B785-3067-4187-AF40-73D410F47432} = {7E53B1F3-D74A-4E2A-877F-F1A2CA2D5B4F}
		{DA723F10-8D19-4EA3-B3B0-E6E166EE68C7} = {0C4A39AB-EB57-478B-BDB8-8495BBFFF56E}
		{54954BA4-6280-4D62-A9D0-03FEF957F432} = {7E53B1F3-D74A-4E2A-877F-F1A2CA2D5B4F}
	EndGlobalSection
EndGlobal
